
Microsoft Visual Studio Solution File, Format Version 12.00
# Visual Studio Version 16
VisualStudioVersion = 16.0.33801.447
MinimumVisualStudioVersion = 10.0.40219.1
Project("{FAE04EC0-301F-11D3-BF4B-00C04F79EFBC}") = "EraserModsMenus", "EraserModsMenus\EraserModsMenus.csproj", "{C209D44E-08C1-42EB-8626-81F223FD3CE2}"
EndProject
Global
	GlobalSection(SolutionConfigurationPlatforms) = preSolution
		Debug|Any CPU = Debug|Any CPU
		Release|Any CPU = Release|Any CPU
	EndGlobalSection
	GlobalSection(ProjectConfigurationPlatforms) = postSolution
		{C209D44E-08C1-42EB-8626-81F223FD3CE2}.Debug|Any CPU.ActiveCfg = Debug|Any CPU
		{C209D44E-08C1-42EB-8626-81F223FD3CE2}.Debug|Any CPU.Build.0 = Debug|Any CPU
		{C209D44E-08C1-42EB-8626-81F223FD3CE2}.Release|Any CPU.ActiveCfg = Release|Any CPU
		{C209D44E-08C1-42EB-8626-81F223FD3CE2}.Release|Any CPU.Build.0 = Release|Any CPU
	EndGlobalSection
	GlobalSection(SolutionProperties) = preSolution
		HideSolutionNode = FALSE
	EndGlobalSection
	GlobalSection(ExtensibilityGlobals) = postSolution
		SolutionGuid = {414D3A53-6303-42FA-B985-32602FC56D33}
	EndGlobalSection
EndGlobal
